
Microsoft Visual Studio Solution File, Format Version 12.00
# Visual Studio 2012
Project("{8BC9CEB8-8B4A-11D0-8D11-00A0C91BC942}") = "linked list", "linked list\linked list.vcxproj", "{696256E6-0692-450E-A847-9D4A1F3608FC}"
EndProject
Global
	GlobalSection(SolutionConfigurationPlatforms) = preSolution
		Debug|Win32 = Debug|Win32
		Release|Win32 = Release|Win32
	EndGlobalSection
	GlobalSection(ProjectConfigurationPlatforms) = postSolution
		{696256E6-0692-450E-A847-9D4A1F3608FC}.Debug|Win32.ActiveCfg = Debug|Win32
		{696256E6-0692-450E-A847-9D4A1F3608FC}.Debug|Win32.Build.0 = Debug|Win32
		{696256E6-0692-450E-A847-9D4A1F3608FC}.Release|Win32.ActiveCfg = Release|Win32
		{696256E6-0692-450E-A847-9D4A1F3608FC}.Release|Win32.Build.0 = Release|Win32
	EndGlobalSection
	GlobalSection(SolutionProperties) = preSolution
		HideSolutionNode = FALSE
	EndGlobalSection
EndGlobal
